// !$*UTF8*$!
{
	archiveVersion = 1;
	classes = {
	};
	objectVersion = 48;
	objects = {

/* Begin PBXBuildFile section */
		C21B430F214EB61300D4F2EE /* Data.swift in Sources */ = {isa = PBXBuildFile; fileRef = C21B430E214EB61300D4F2EE /* Data.swift */; };
		C2401715217A36E40028F39D /* FoodCell.swift in Sources */ = {isa = PBXBuildFile; fileRef = C2401714217A36E40028F39D /* FoodCell.swift */; };
		C2401717217BB8BB0028F39D /* FoodHeaderFooterReusableView.swift in Sources */ = {isa = PBXBuildFile; fileRef = C2401716217BB8BB0028F39D /* FoodHeaderFooterReusableView.swift */; };
		C252FE94217767F00092615E /* Extensions.swift in Sources */ = {isa = PBXBuildFile; fileRef = C252FE93217767F00092615E /* Extensions.swift */; };
		C252FE972177868C0092615E /* Model.xcdatamodeld in Sources */ = {isa = PBXBuildFile; fileRef = C252FE952177868C0092615E /* Model.xcdatamodeld */; };
		C252FE992177B5400092615E /* Global.swift in Sources */ = {isa = PBXBuildFile; fileRef = C252FE982177B5400092615E /* Global.swift */; };
		C26995422097CBF900BE0829 /* AppDelegate.swift in Sources */ = {isa = PBXBuildFile; fileRef = C26995412097CBF900BE0829 /* AppDelegate.swift */; };
		C26995442097CBF900BE0829 /* FoodItemsViewController.swift in Sources */ = {isa = PBXBuildFile; fileRef = C26995432097CBF900BE0829 /* FoodItemsViewController.swift */; };
		C26995472097CBF900BE0829 /* Main.storyboard in Resources */ = {isa = PBXBuildFile; fileRef = C26995452097CBF900BE0829 /* Main.storyboard */; };
		C26995492097CBF900BE0829 /* Assets.xcassets in Resources */ = {isa = PBXBuildFile; fileRef = C26995482097CBF900BE0829 /* Assets.xcassets */; };
		C269954C2097CBF900BE0829 /* LaunchScreen.storyboard in Resources */ = {isa = PBXBuildFile; fileRef = C269954A2097CBF900BE0829 /* LaunchScreen.storyboard */; };
		C26E9484214FAB9500369C32 /* DetailsViewController.swift in Sources */ = {isa = PBXBuildFile; fileRef = C26E9483214FAB9500369C32 /* DetailsViewController.swift */; };
		C2A361E42098EF3A0036FD19 /* LoginViewController.swift in Sources */ = {isa = PBXBuildFile; fileRef = C2A361E32098EF3A0036FD19 /* LoginViewController.swift */; };
		C2A361E62099D3930036FD19 /* FoodItem.swift in Sources */ = {isa = PBXBuildFile; fileRef = C2A361E52099D3930036FD19 /* FoodItem.swift */; };
		C2A3F20C209B2F750067484B /* CustomUITextField.swift in Sources */ = {isa = PBXBuildFile; fileRef = C2A3F20B209B2F750067484B /* CustomUITextField.swift */; };
		C2DC670B2171FB93002DE74B /* BlueRoundButton.swift in Sources */ = {isa = PBXBuildFile; fileRef = C2DC670A2171FB92002DE74B /* BlueRoundButton.swift */; };
		C2DC670D21722F34002DE74B /* RegistrationViewController.swift in Sources */ = {isa = PBXBuildFile; fileRef = C2DC670C21722F34002DE74B /* RegistrationViewController.swift */; };
		C2F81BC12158FE9B00B531B9 /* AddFoodViewController.swift in Sources */ = {isa = PBXBuildFile; fileRef = C2F81BC02158FE9B00B531B9 /* AddFoodViewController.swift */; };
/* End PBXBuildFile section */

/* Begin PBXFileReference section */
		C21B430E214EB61300D4F2EE /* Data.swift */ = {isa = PBXFileReference; lastKnownFileType = sourcecode.swift; path = Data.swift; sourceTree = "<group>"; };
		C2401714217A36E40028F39D /* FoodCell.swift */ = {isa = PBXFileReference; lastKnownFileType = sourcecode.swift; path = FoodCell.swift; sourceTree = "<group>"; };
		C2401716217BB8BB0028F39D /* FoodHeaderFooterReusableView.swift */ = {isa = PBXFileReference; lastKnownFileType = sourcecode.swift; path = FoodHeaderFooterReusableView.swift; sourceTree = "<group>"; };
		C252FE93217767F00092615E /* Extensions.swift */ = {isa = PBXFileReference; lastKnownFileType = sourcecode.swift; path = Extensions.swift; sourceTree = "<group>"; };
		C252FE962177868C0092615E /* Model.xcdatamodel */ = {isa = PBXFileReference; lastKnownFileType = wrapper.xcdatamodel; path = Model.xcdatamodel; sourceTree = "<group>"; };
		C252FE982177B5400092615E /* Global.swift */ = {isa = PBXFileReference; lastKnownFileType = sourcecode.swift; path = Global.swift; sourceTree = "<group>"; };
		C269953E2097CBF900BE0829 /* Dyal.app */ = {isa = PBXFileReference; explicitFileType = wrapper.application; includeInIndex = 0; path = Dyal.app; sourceTree = BUILT_PRODUCTS_DIR; };
		C26995412097CBF900BE0829 /* AppDelegate.swift */ = {isa = PBXFileReference; lastKnownFileType = sourcecode.swift; path = AppDelegate.swift; sourceTree = "<group>"; };
		C26995432097CBF900BE0829 /* FoodItemsViewController.swift */ = {isa = PBXFileReference; lastKnownFileType = sourcecode.swift; path = FoodItemsViewController.swift; sourceTree = "<group>"; };
		C26995462097CBF900BE0829 /* Base */ = {isa = PBXFileReference; lastKnownFileType = file.storyboard; name = Base; path = Base.lproj/Main.storyboard; sourceTree = "<group>"; };
		C26995482097CBF900BE0829 /* Assets.xcassets */ = {isa = PBXFileReference; lastKnownFileType = folder.assetcatalog; path = Assets.xcassets; sourceTree = "<group>"; };
		C269954B2097CBF900BE0829 /* Base */ = {isa = PBXFileReference; lastKnownFileType = file.storyboard; name = Base; path = Base.lproj/LaunchScreen.storyboard; sourceTree = "<group>"; };
		C269954D2097CBF900BE0829 /* Info.plist */ = {isa = PBXFileReference; lastKnownFileType = text.plist.xml; path = Info.plist; sourceTree = "<group>"; };
		C26E9483214FAB9500369C32 /* DetailsViewController.swift */ = {isa = PBXFileReference; lastKnownFileType = sourcecode.swift; path = DetailsViewController.swift; sourceTree = "<group>"; };
		C2A361E32098EF3A0036FD19 /* LoginViewController.swift */ = {isa = PBXFileReference; lastKnownFileType = sourcecode.swift; path = LoginViewController.swift; sourceTree = "<group>"; };
		C2A361E52099D3930036FD19 /* FoodItem.swift */ = {isa = PBXFileReference; lastKnownFileType = sourcecode.swift; path = FoodItem.swift; sourceTree = "<group>"; };
		C2A3F20B209B2F750067484B /* CustomUITextField.swift */ = {isa = PBXFileReference; lastKnownFileType = sourcecode.swift; path = CustomUITextField.swift; sourceTree = "<group>"; };
		C2DC670A2171FB92002DE74B /* BlueRoundButton.swift */ = {isa = PBXFileReference; lastKnownFileType = sourcecode.swift; path = BlueRoundButton.swift; sourceTree = "<group>"; };
		C2DC670C21722F34002DE74B /* RegistrationViewController.swift */ = {isa = PBXFileReference; lastKnownFileType = sourcecode.swift; path = RegistrationViewController.swift; sourceTree = "<group>"; };
		C2F81BC02158FE9B00B531B9 /* AddFoodViewController.swift */ = {isa = PBXFileReference; lastKnownFileType = sourcecode.swift; path = AddFoodViewController.swift; sourceTree = "<group>"; };
/* End PBXFileReference section */

/* Begin PBXFrameworksBuildPhase section */
		C269953B2097CBF900BE0829 /* Frameworks */ = {
			isa = PBXFrameworksBuildPhase;
			buildActionMask = 2147483647;
			files = (
			);
			runOnlyForDeploymentPostprocessing = 0;
		};
/* End PBXFrameworksBuildPhase section */

/* Begin PBXGroup section */
		C26995352097CBF900BE0829 = {
			isa = PBXGroup;
			children = (
				C26995402097CBF900BE0829 /* Dyal */,
				C26995412097CBF900BE0829 /* AppDelegate.swift */,
				C269954A2097CBF900BE0829 /* LaunchScreen.storyboard */,
				C26995482097CBF900BE0829 /* Assets.xcassets */,
				C269953F2097CBF900BE0829 /* Products */,
			);
			sourceTree = "<group>";
		};
		C269953F2097CBF900BE0829 /* Products */ = {
			isa = PBXGroup;
			children = (
				C269953E2097CBF900BE0829 /* Dyal.app */,
			);
			name = Products;
			sourceTree = "<group>";
		};
		C26995402097CBF900BE0829 /* Dyal */ = {
			isa = PBXGroup;
			children = (
				C269954D2097CBF900BE0829 /* Info.plist */,
				C2DC6712217272B0002DE74B /* Assistant */,
				C2DC670E21727229002DE74B /* View */,
				C2DC671021727265002DE74B /* ControllerGroup */,
				C2DC67112172729D002DE74B /* Model */,
				C252FE952177868C0092615E /* Model.xcdatamodeld */,
			);
			path = Dyal;
			sourceTree = "<group>";
		};
		C2DC670E21727229002DE74B /* View */ = {
			isa = PBXGroup;
			children = (
				C26995452097CBF900BE0829 /* Main.storyboard */,
				C2DC670A2171FB92002DE74B /* BlueRoundButton.swift */,
				C2A3F20B209B2F750067484B /* CustomUITextField.swift */,
				C2401714217A36E40028F39D /* FoodCell.swift */,
				C2401716217BB8BB0028F39D /* FoodHeaderFooterReusableView.swift */,
			);
			path = View;
			sourceTree = "<group>";
		};
		C2DC671021727265002DE74B /* ControllerGroup */ = {
			isa = PBXGroup;
			children = (
				C26995432097CBF900BE0829 /* FoodItemsViewController.swift */,
				C2F81BC02158FE9B00B531B9 /* AddFoodViewController.swift */,
				C26E9483214FAB9500369C32 /* DetailsViewController.swift */,
				C2A361E32098EF3A0036FD19 /* LoginViewController.swift */,
				C2DC670C21722F34002DE74B /* RegistrationViewController.swift */,
			);
			name = ControllerGroup;
			path = "New Group";
			sourceTree = "<group>";
		};
		C2DC67112172729D002DE74B /* Model */ = {
			isa = PBXGroup;
			children = (
				C21B430E214EB61300D4F2EE /* Data.swift */,
				C2A361E52099D3930036FD19 /* FoodItem.swift */,
			);
			path = Model;
			sourceTree = "<group>";
		};
		C2DC6712217272B0002DE74B /* Assistant */ = {
			isa = PBXGroup;
			children = (
				C252FE93217767F00092615E /* Extensions.swift */,
				C252FE982177B5400092615E /* Global.swift */,
			);
			path = Assistant;
			sourceTree = "<group>";
		};
/* End PBXGroup section */

/* Begin PBXNativeTarget section */
		C269953D2097CBF900BE0829 /* Dyal */ = {
			isa = PBXNativeTarget;
			buildConfigurationList = C26995502097CBF900BE0829 /* Build configuration list for PBXNativeTarget "Dyal" */;
			buildPhases = (
				C269953A2097CBF900BE0829 /* Sources */,
				C269953B2097CBF900BE0829 /* Frameworks */,
				C269953C2097CBF900BE0829 /* Resources */,
			);
			buildRules = (
			);
			dependencies = (
			);
			name = Dyal;
			productName = Dyal;
			productReference = C269953E2097CBF900BE0829 /* Dyal.app */;
			productType = "com.apple.product-type.application";
		};
/* End PBXNativeTarget section */

/* Begin PBXProject section */
		C26995362097CBF900BE0829 /* Project object */ = {
			isa = PBXProject;
			attributes = {
				LastSwiftUpdateCheck = 0900;
				LastUpgradeCheck = 1000;
				ORGANIZATIONNAME = "Арман";
				TargetAttributes = {
					C269953D2097CBF900BE0829 = {
						CreatedOnToolsVersion = 9.0;
						LastSwiftMigration = 1000;
						ProvisioningStyle = Automatic;
					};
				};
			};
			buildConfigurationList = C26995392097CBF900BE0829 /* Build configuration list for PBXProject "Dyal" */;
			compatibilityVersion = "Xcode 8.0";
			developmentRegion = en;
			hasScannedForEncodings = 0;
			knownRegions = (
				en,
				Base,
			);
			mainGroup = C26995352097CBF900BE0829;
			productRefGroup = C269953F2097CBF900BE0829 /* Products */;
			projectDirPath = "";
			projectRoot = "";
			targets = (
				C269953D2097CBF900BE0829 /* Dyal */,
			);
		};
/* End PBXProject section */

/* Begin PBXResourcesBuildPhase section */
		C269953C2097CBF900BE0829 /* Resources */ = {
			isa = PBXResourcesBuildPhase;
			buildActionMask = 2147483647;
			files = (
				C269954C2097CBF900BE0829 /* LaunchScreen.storyboard in Resources */,
				C26995492097CBF900BE0829 /* Assets.xcassets in Resources */,
				C26995472097CBF900BE0829 /* Main.storyboard in Resources */,
			);
			runOnlyForDeploymentPostprocessing = 0;
		};
/* End PBXResourcesBuildPhase section */

/* Begin PBXSourcesBuildPhase section */
		C269953A2097CBF900BE0829 /* Sources */ = {
			isa = PBXSourcesBuildPhase;
			buildActionMask = 2147483647;
			files = (
				C2A361E62099D3930036FD19 /* FoodItem.swift in Sources */,
				C21B430F214EB61300D4F2EE /* Data.swift in Sources */,
				C2F81BC12158FE9B00B531B9 /* AddFoodViewController.swift in Sources */,
				C2A361E42098EF3A0036FD19 /* LoginViewController.swift in Sources */,
				C2DC670D21722F34002DE74B /* RegistrationViewController.swift in Sources */,
				C252FE992177B5400092615E /* Global.swift in Sources */,
				C26995442097CBF900BE0829 /* FoodItemsViewController.swift in Sources */,
				C2DC670B2171FB93002DE74B /* BlueRoundButton.swift in Sources */,
				C26E9484214FAB9500369C32 /* DetailsViewController.swift in Sources */,
				C2401715217A36E40028F39D /* FoodCell.swift in Sources */,
				C2401717217BB8BB0028F39D /* FoodHeaderFooterReusableView.swift in Sources */,
				C2A3F20C209B2F750067484B /* CustomUITextField.swift in Sources */,
				C252FE94217767F00092615E /* Extensions.swift in Sources */,
				C26995422097CBF900BE0829 /* AppDelegate.swift in Sources */,
				C252FE972177868C0092615E /* Model.xcdatamodeld in Sources */,
			);
			runOnlyForDeploymentPostprocessing = 0;
		};
/* End PBXSourcesBuildPhase section */

/* Begin PBXVariantGroup section */
		C26995452097CBF900BE0829 /* Main.storyboard */ = {
			isa = PBXVariantGroup;
			children = (
				C26995462097CBF900BE0829 /* Base */,
			);
			name = Main.storyboard;
			sourceTree = "<group>";
		};
		C269954A2097CBF900BE0829 /* LaunchScreen.storyboard */ = {
			isa = PBXVariantGroup;
			children = (
				C269954B2097CBF900BE0829 /* Base */,
			);
			name = LaunchScreen.storyboard;
			sourceTree = "<group>";
		};
/* End PBXVariantGroup section */

/* Begin XCBuildConfiguration section */
		C269954E2097CBF900BE0829 /* Debug */ = {
			isa = XCBuildConfiguration;
			buildSettings = {
				ALWAYS_SEARCH_USER_PATHS = NO;
				CLANG_ANALYZER_NONNULL = YES;
				CLANG_ANALYZER_NUMBER_OBJECT_CONVERSION = YES_AGGRESSIVE;
				CLANG_CXX_LANGUAGE_STANDARD = "gnu++14";
				CLANG_CXX_LIBRARY = "libc++";
				CLANG_ENABLE_MODULES = YES;
				CLANG_ENABLE_OBJC_ARC = YES;
				CLANG_WARN_BLOCK_CAPTURE_AUTORELEASING = YES;
				CLANG_WARN_BOOL_CONVERSION = YES;
				CLANG_WARN_COMMA = YES;
				CLANG_WARN_CONSTANT_CONVERSION = YES;
				CLANG_WARN_DEPRECATED_OBJC_IMPLEMENTATIONS = YES;
				CLANG_WARN_DIRECT_OBJC_ISA_USAGE = YES_ERROR;
				CLANG_WARN_DOCUMENTATION_COMMENTS = YES;
				CLANG_WARN_EMPTY_BODY = YES;
				CLANG_WARN_ENUM_CONVERSION = YES;
				CLANG_WARN_INFINITE_RECURSION = YES;
				CLANG_WARN_INT_CONVERSION = YES;
				CLANG_WARN_NON_LITERAL_NULL_CONVERSION = YES;
				CLANG_WARN_OBJC_IMPLICIT_RETAIN_SELF = YES;
				CLANG_WARN_OBJC_LITERAL_CONVERSION = YES;
				CLANG_WARN_OBJC_ROOT_CLASS = YES_ERROR;
				CLANG_WARN_RANGE_LOOP_ANALYSIS = YES;
				CLANG_WARN_STRICT_PROTOTYPES = YES;
				CLANG_WARN_SUSPICIOUS_MOVE = YES;
				CLANG_WARN_UNGUARDED_AVAILABILITY = YES_AGGRESSIVE;
				CLANG_WARN_UNREACHABLE_CODE = YES;
				CLANG_WARN__DUPLICATE_METHOD_MATCH = YES;
				CODE_SIGN_IDENTITY = "iPhone Developer";
				COPY_PHASE_STRIP = NO;
				DEBUG_INFORMATION_FORMAT = dwarf;
				ENABLE_STRICT_OBJC_MSGSEND = YES;
				ENABLE_TESTABILITY = YES;
				GCC_C_LANGUAGE_STANDARD = gnu11;
				GCC_DYNAMIC_NO_PIC = NO;
				GCC_NO_COMMON_BLOCKS = YES;
				GCC_OPTIMIZATION_LEVEL = 0;
				GCC_PREPROCESSOR_DEFINITIONS = (
					"DEBUG=1",
					"$(inherited)",
				);
				GCC_WARN_64_TO_32_BIT_CONVERSION = YES;
				GCC_WARN_ABOUT_RETURN_TYPE = YES_ERROR;
				GCC_WARN_UNDECLARED_SELECTOR = YES;
				GCC_WARN_UNINITIALIZED_AUTOS = YES_AGGRESSIVE;
				GCC_WARN_UNUSED_FUNCTION = YES;
				GCC_WARN_UNUSED_VARIABLE = YES;
				IPHONEOS_DEPLOYMENT_TARGET = 10.0;
				MTL_ENABLE_DEBUG_INFO = YES;
				ONLY_ACTIVE_ARCH = YES;
				SDKROOT = iphoneos;
				SWIFT_ACTIVE_COMPILATION_CONDITIONS = DEBUG;
				SWIFT_OPTIMIZATION_LEVEL = "-Onone";
			};
			name = Debug;
		};
		C269954F2097CBF900BE0829 /* Release */ = {
			isa = XCBuildConfiguration;
			buildSettings = {
				ALWAYS_SEARCH_USER_PATHS = NO;
				CLANG_ANALYZER_NONNULL = YES;
				CLANG_ANALYZER_NUMBER_OBJECT_CONVERSION = YES_AGGRESSIVE;
				CLANG_CXX_LANGUAGE_STANDARD = "gnu++14";
				CLANG_CXX_LIBRARY = "libc++";
				CLANG_ENABLE_MODULES = YES;
				CLANG_ENABLE_OBJC_ARC = YES;
				CLANG_WARN_BLOCK_CAPTURE_AUTORELEASING = YES;
				CLANG_WARN_BOOL_CONVERSION = YES;
				CLANG_WARN_COMMA = YES;
				CLANG_WARN_CONSTANT_CONVERSION = YES;
				CLANG_WARN_DEPRECATED_OBJC_IMPLEMENTATIONS = YES;
				CLANG_WARN_DIRECT_OBJC_ISA_USAGE = YES_ERROR;
				CLANG_WARN_DOCUMENTATION_COMMENTS = YES;
				CLANG_WARN_EMPTY_BODY = YES;
				CLANG_WARN_ENUM_CONVERSION = YES;
				CLANG_WARN_INFINITE_RECURSION = YES;
				CLANG_WARN_INT_CONVERSION = YES;
				CLANG_WARN_NON_LITERAL_NULL_CONVERSION = YES;
				CLANG_WARN_OBJC_IMPLICIT_RETAIN_SELF = YES;
				CLANG_WARN_OBJC_LITERAL_CONVERSION = YES;
				CLANG_WARN_OBJC_ROOT_CLASS = YES_ERROR;
				CLANG_WARN_RANGE_LOOP_ANALYSIS = YES;
				CLANG_WARN_STRICT_PROTOTYPES = YES;
				CLANG_WARN_SUSPICIOUS_MOVE = YES;
				CLANG_WARN_UNGUARDED_AVAILABILITY = YES_AGGRESSIVE;
				CLANG_WARN_UNREACHABLE_CODE = YES;
				CLANG_WARN__DUPLICATE_METHOD_MATCH = YES;
				CODE_SIGN_IDENTITY = "iPhone Developer";
				COPY_PHASE_STRIP = NO;
				DEBUG_INFORMATION_FORMAT = "dwarf-with-dsym";
				ENABLE_NS_ASSERTIONS = NO;
				ENABLE_STRICT_OBJC_MSGSEND = YES;
				GCC_C_LANGUAGE_STANDARD = gnu11;
				GCC_NO_COMMON_BLOCKS = YES;
				GCC_WARN_64_TO_32_BIT_CONVERSION = YES;
				GCC_WARN_ABOUT_RETURN_TYPE = YES_ERROR;
				GCC_WARN_UNDECLARED_SELECTOR = YES;
				GCC_WARN_UNINITIALIZED_AUTOS = YES_AGGRESSIVE;
				GCC_WARN_UNUSED_FUNCTION = YES;
				GCC_WARN_UNUSED_VARIABLE = YES;
				IPHONEOS_DEPLOYMENT_TARGET = 10.0;
				MTL_ENABLE_DEBUG_INFO = NO;
				SDKROOT = iphoneos;
				SWIFT_OPTIMIZATION_LEVEL = "-Owholemodule";
				VALIDATE_PRODUCT = YES;
			};
			name = Release;
		};
		C26995512097CBF900BE0829 /* Debug */ = {
			isa = XCBuildConfiguration;
			buildSettings = {
				ASSETCATALOG_COMPILER_APPICON_NAME = AppIcon;
				CODE_SIGN_STYLE = Automatic;
				DEVELOPMENT_TEAM = L2FJJ3BHAZ;
				INFOPLIST_FILE = Dyal/Info.plist;
				IPHONEOS_DEPLOYMENT_TARGET = 11.0;
				LD_RUNPATH_SEARCH_PATHS = "$(inherited) @executable_path/Frameworks";
				PRODUCT_BUNDLE_IDENTIFIER = SUPERCORP.Dyal;
				PRODUCT_NAME = "$(TARGET_NAME)";
				SWIFT_VERSION = 4.2;
				TARGETED_DEVICE_FAMILY = "1,2";
			};
			name = Debug;
		};
		C26995522097CBF900BE0829 /* Release */ = {
			isa = XCBuildConfiguration;
			buildSettings = {
				ASSETCATALOG_COMPILER_APPICON_NAME = AppIcon;
				CODE_SIGN_STYLE = Automatic;
				DEVELOPMENT_TEAM = L2FJJ3BHAZ;
				INFOPLIST_FILE = Dyal/Info.plist;
				IPHONEOS_DEPLOYMENT_TARGET = 11.0;
				LD_RUNPATH_SEARCH_PATHS = "$(inherited) @executable_path/Frameworks";
				PRODUCT_BUNDLE_IDENTIFIER = SUPERCORP.Dyal;
				PRODUCT_NAME = "$(TARGET_NAME)";
				SWIFT_VERSION = 4.2;
				TARGETED_DEVICE_FAMILY = "1,2";
			};
			name = Release;
		};
/* End XCBuildConfiguration section */

/* Begin XCConfigurationList section */
		C26995392097CBF900BE0829 /* Build configuration list for PBXProject "Dyal" */ = {
			isa = XCConfigurationList;
			buildConfigurations = (
				C269954E2097CBF900BE0829 /* Debug */,
				C269954F2097CBF900BE0829 /* Release */,
			);
			defaultConfigurationIsVisible = 0;
			defaultConfigurationName = Release;
		};
		C26995502097CBF900BE0829 /* Build configuration list for PBXNativeTarget "Dyal" */ = {
			isa = XCConfigurationList;
			buildConfigurations = (
				C26995512097CBF900BE0829 /* Debug */,
				C26995522097CBF900BE0829 /* Release */,
			);
			defaultConfigurationIsVisible = 0;
			defaultConfigurationName = Release;
		};
/* End XCConfigurationList section */

/* Begin XCVersionGroup section */
		C252FE952177868C0092615E /* Model.xcdatamodeld */ = {
			isa = XCVersionGroup;
			children = (
				C252FE962177868C0092615E /* Model.xcdatamodel */,
			);
			currentVersion = C252FE962177868C0092615E /* Model.xcdatamodel */;
			path = Model.xcdatamodeld;
			sourceTree = "<group>";
			versionGroupType = wrapper.xcdatamodel;
		};
/* End XCVersionGroup section */
	};
	rootObject = C26995362097CBF900BE0829 /* Project object */;
}
